
Microsoft Visual Studio Solution File, Format Version 12.00
# Visual Studio Version 17
VisualStudioVersion = 17.1.32407.343
MinimumVisualStudioVersion = 10.0.40219.1
Project("{FAE04EC0-301F-11D3-BF4B-00C04F79EFBC}") = "crudapplication", "crudapplication\crudapplication.csproj", "{CD1906D7-62E1-4DBD-B00C-8C8787E64AB6}"
EndProject
Global
	GlobalSection(SolutionConfigurationPlatforms) = preSolution
		Debug|Any CPU = Debug|Any CPU
		Release|Any CPU = Release|Any CPU
	EndGlobalSection
	GlobalSection(ProjectConfigurationPlatforms) = postSolution
		{CD1906D7-62E1-4DBD-B00C-8C8787E64AB6}.Debug|Any CPU.ActiveCfg = Debug|Any CPU
		{CD1906D7-62E1-4DBD-B00C-8C8787E64AB6}.Debug|Any CPU.Build.0 = Debug|Any CPU
		{CD1906D7-62E1-4DBD-B00C-8C8787E64AB6}.Release|Any CPU.ActiveCfg = Release|Any CPU
		{CD1906D7-62E1-4DBD-B00C-8C8787E64AB6}.Release|Any CPU.Build.0 = Release|Any CPU
	EndGlobalSection
	GlobalSection(SolutionProperties) = preSolution
		HideSolutionNode = FALSE
	EndGlobalSection
	GlobalSection(ExtensibilityGlobals) = postSolution
		SolutionGuid = {C7F4F56F-158A-4883-8A01-2FAA1D4ED454}
	EndGlobalSection
EndGlobal
