using System;
using System.Collections.Generic;
using System.Linq;
using System.Text;
using System.Threading.Tasks;
using WebSocketSharp;

namespace websocketclient
{
    internal class Program
    {
        static void Main(string[] args)
        {
            //Create an instance of a websocket client
            using (WebSocket ws = new WebSocket("wss://socketsbay.com/wss/v2/2/demo/"))
            {
                ws.OnMessage += Ws_OnMessage;

                ws.Connect();
                ws.Send("Hello Server!");

                Console.ReadKey();
            }  
        }

        private static void Ws_OnMessage(object sender, MessageEventArgs e)
        {
            Console.WriteLine("Received from the server: " + e.Data);
        }
    }
}
